PODS:
  - AppMetricaAdSupport (5.14.0):
    - AppMetricaCore (= 5.14.0)
    - AppMetricaCoreExtension (= 5.14.0)
  - AppMetricaCore (5.14.0):
    - AppMetricaCoreUtils (= 5.14.0)
    - AppMetricaEncodingUtils (= 5.14.0)
    - AppMetricaFMDB (= 5.14.0)
    - AppMetricaHostState (= 5.14.0)
    - AppMetricaIdentifiers (= 5.14.0)
    - AppMetricaKeychain (= 5.14.0)
    - AppMetricaLog (= 5.14.0)
    - AppMetricaNetwork (= 5.14.0)
    - AppMetricaPlatform (= 5.14.0)
    - AppMetricaProtobuf (= 5.14.0)
    - AppMetricaProtobufUtils (= 5.14.0)
    - AppMetricaStorageUtils (= 5.14.0)
  - AppMetricaCoreExtension (5.14.0):
    - AppMetricaCore (= 5.14.0)
    - AppMetricaStorageUtils (= 5.14.0)
  - AppMetricaCoreUtils (5.14.0):
    - AppMetricaLog (= 5.14.0)
  - AppMetricaEncodingUtils (5.14.0):
    - AppMetricaCoreUtils (= 5.14.0)
    - AppMetricaLog (= 5.14.0)
    - AppMetricaPlatform (= 5.14.0)
  - AppMetricaFMDB (5.14.0)
  - AppMetricaHostState (5.14.0):
    - AppMetricaCoreUtils (= 5.14.0)
    - AppMetricaLog (= 5.14.0)
  - AppMetricaIdentifiers (5.14.0):
    - AppMetricaKeychain (= 5.14.0)
    - AppMetricaLogSwift (= 5.14.0)
    - AppMetricaPlatform (= 5.14.0)
    - AppMetricaStorageUtils (= 5.14.0)
    - AppMetricaSynchronization (= 5.14.0)
  - AppMetricaIDSync (5.14.0):
    - AppMetricaCore (= 5.14.0)
    - AppMetricaCoreExtension (= 5.14.0)
    - AppMetricaCoreUtils (= 5.14.0)
    - AppMetricaLog (= 5.14.0)
    - AppMetricaNetwork (= 5.14.0)
    - AppMetricaPlatform (= 5.14.0)
    - AppMetricaStorageUtils (= 5.14.0)
  - AppMetricaKeychain (5.14.0):
    - AppMetricaCoreUtils (= 5.14.0)
    - AppMetricaLog (= 5.14.0)
    - AppMetricaStorageUtils (= 5.14.0)
  - AppMetricaLibraryAdapter (5.14.0):
    - AppMetricaCore (= 5.14.0)
    - AppMetricaCoreExtension (= 5.14.0)
  - AppMetricaLog (5.14.0)
  - AppMetricaLogSwift (5.14.0):
    - AppMetricaLog (= 5.14.0)
  - AppMetricaNetwork (5.14.0):
    - AppMetricaCoreUtils (= 5.14.0)
    - AppMetricaLog (= 5.14.0)
    - AppMetricaPlatform (= 5.14.0)
  - AppMetricaPlatform (5.14.0):
    - AppMetricaCoreUtils (= 5.14.0)
    - AppMetricaLog (= 5.14.0)
  - AppMetricaProtobuf (5.14.0)
  - AppMetricaProtobufUtils (5.14.0):
    - AppMetricaProtobuf (= 5.14.0)
  - AppMetricaStorageUtils (5.14.0):
    - AppMetricaCoreUtils (= 5.14.0)
    - AppMetricaLog (= 5.14.0)
  - AppMetricaSynchronization (5.14.0):
    - AppMetricaLogSwift (= 5.14.0)
  - device_info_plus (0.0.1):
    - Flutter
  - DivKit (32.41.0):
    - DivKit_LayoutKit (= 32.41.0)
    - DivKit_Serialization (= 32.41.0)
    - VGSL (~> 7.19)
  - DivKit_LayoutKit (32.41.0):
    - DivKit_LayoutKitInterface (= 32.41.0)
    - VGSL (~> 7.19)
  - DivKit_LayoutKitInterface (32.41.0):
    - VGSL (~> 7.19)
  - DivKit_Serialization (32.41.0):
    - VGSL (~> 7.19)
  - DivKitBinaryCompatibilityFacade (5.2.1):
    - DivKit (~> 32.14)
  - Flutter (1.0.0)
  - flutter_secure_storage_darwin (10.0.0):
    - Flutter
    - FlutterMacOS
  - Google-Mobile-Ads-SDK (11.13.0):
    - GoogleUserMessagingPlatform (>= 1.1)
  - google_mobile_ads (5.3.1):
    - Flutter
    - Google-Mobile-Ads-SDK (~> 11.13.0)
    - webview_flutter_wkwebview
  - GoogleUserMessagingPlatform (3.1.0)
  - in_app_purchase_storekit (0.0.1):
    - Flutter
    - FlutterMacOS
  - integration_test (0.0.1):
    - Flutter
  - passkeys_darwin (0.0.1):
    - Flutter
    - FlutterMacOS
  - ua_client_hints (1.4.1):
    - Flutter
  - VGSL (7.20.0):
    - VGSLFundamentals (= 7.20.0)
    - VGSLNetworking (= 7.20.0)
    - VGSLUI (= 7.20.0)
  - VGSLFundamentals (7.20.0)
  - VGSLNetworking (7.20.0):
    - VGSLFundamentals (= 7.20.0)
    - VGSLUI (= 7.20.0)
  - VGSLUI (7.20.0):
    - VGSLFundamentals (= 7.20.0)
  - webview_flutter_wkwebview (0.0.1):
    - Flutter
    - FlutterMacOS
  - yandex_mobileads (7.18.0):
    - Flutter
    - YandexMobileAds (~> 7.18.0)
  - YandexMobileAds (7.18.4):
    - AppMetricaAdSupport (~> 5.14.0)
    - AppMetricaCore (~> 5.14.0)
    - AppMetricaIDSync (~> 5.14.0)
    - AppMetricaLibraryAdapter (~> 5.14.0)
    - DivKitBinaryCompatibilityFacade (~> 5.2.1)

DEPENDENCIES:
  - device_info_plus (from `.symlinks/plugins/device_info_plus/ios`)
  - Flutter (from `Flutter`)
  - flutter_secure_storage_darwin (from `.symlinks/plugins/flutter_secure_storage_darwin/darwin`)
  - google_mobile_ads (from `.symlinks/plugins/google_mobile_ads/ios`)
  - in_app_purchase_storekit (from `.symlinks/plugins/in_app_purchase_storekit/darwin`)
  - integration_test (from `.symlinks/plugins/integration_test/ios`)
  - passkeys_darwin (from `.symlinks/plugins/passkeys_darwin/darwin`)
  - ua_client_hints (from `.symlinks/plugins/ua_client_hints/ios`)
  - webview_flutter_wkwebview (from `.symlinks/plugins/webview_flutter_wkwebview/darwin`)
  - yandex_mobileads (from `.symlinks/plugins/yandex_mobileads/ios`)

SPEC REPOS:
  trunk:
    - AppMetricaAdSupport
    - AppMetricaCore
    - AppMetricaCoreExtension
    - AppMetricaCoreUtils
    - AppMetricaEncodingUtils
    - AppMetricaFMDB
    - AppMetricaHostState
    - AppMetricaIdentifiers
    - AppMetricaIDSync
    - AppMetricaKeychain
    - AppMetricaLibraryAdapter
    - AppMetricaLog
    - AppMetricaLogSwift
    - AppMetricaNetwork
    - AppMetricaPlatform
    - AppMetricaProtobuf
    - AppMetricaProtobufUtils
    - AppMetricaStorageUtils
    - AppMetricaSynchronization
    - DivKit
    - DivKit_LayoutKit
    - DivKit_LayoutKitInterface
    - DivKit_Serialization
    - DivKitBinaryCompatibilityFacade
    - Google-Mobile-Ads-SDK
    - GoogleUserMessagingPlatform
    - VGSL
    - VGSLFundamentals
    - VGSLNetworking
    - VGSLUI
    - YandexMobileAds

EXTERNAL SOURCES:
  device_info_plus:
    :path: ".symlinks/plugins/device_info_plus/ios"
  Flutter:
    :path: Flutter
  flutter_secure_storage_darwin:
    :path: ".symlinks/plugins/flutter_secure_storage_darwin/darwin"
  google_mobile_ads:
    :path: ".symlinks/plugins/google_mobile_ads/ios"
  in_app_purchase_storekit:
    :path: ".symlinks/plugins/in_app_purchase_storekit/darwin"
  integration_test:
    :path: ".symlinks/plugins/integration_test/ios"
  passkeys_darwin:
    :path: ".symlinks/plugins/passkeys_darwin/darwin"
  ua_client_hints:
    :path: ".symlinks/plugins/ua_client_hints/ios"
  webview_flutter_wkwebview:
    :path: ".symlinks/plugins/webview_flutter_wkwebview/darwin"
  yandex_mobileads:
    :path: ".symlinks/plugins/yandex_mobileads/ios"

SPEC CHECKSUMS:
  AppMetricaAdSupport: 702bdcf46b81a7fed457de56f6b0554d0480b5a3
  AppMetricaCore: d1c73033e83316264d5797d003f0c8f7957b7f31
  AppMetricaCoreExtension: 02a8409b471de413ac5ccf9249b12223816737c1
  AppMetricaCoreUtils: 8d6d710d016d15cf30caa46ed7b38219842b6e51
  AppMetricaEncodingUtils: 37803d738b7751b80e8cd3911cf42d43af6e011b
  AppMetricaFMDB: 109e4a5ff89ca8c5609c2f2b597831aac7712e65
  AppMetricaHostState: 8a9a1d723974201acdf819bf3a5fadb3af3f2e82
  AppMetricaIdentifiers: 57e3164c945075fce4831567ae3a65959efaff44
  AppMetricaIDSync: f2dcb1b268dda44cd3f1edff5dad74abbb5cb9d4
  AppMetricaKeychain: 99950a926fb90e54913d6737a9901c45af34d800
  AppMetricaLibraryAdapter: 643eeb8958caad92a37658751c10a591b3f74e28
  AppMetricaLog: d2bee5f12ec196308f4a13c46b4a65013900d2db
  AppMetricaLogSwift: 0cff437339756bd78f0a4d1526e34c51486edf3f
  AppMetricaNetwork: 82d32db120ac3fccf7c42006354b4e203debf555
  AppMetricaPlatform: b7bbbe687890caac28cae837fc548e66e3542cfb
  AppMetricaProtobuf: 7b8e4a072bf634b9354f5d13cf6cc0a14b519b85
  AppMetricaProtobufUtils: 3696c3b28c3a6a5fd95b8e44953c662ad5648f7b
  AppMetricaStorageUtils: bb31d877359a6d1ad8ae5a6d89951edddf01af75
  AppMetricaSynchronization: 76f438564c57b4688d640b7befc5600e21bff875
  device_info_plus: bf2e3232933866d73fe290f2942f2156cdd10342
  DivKit: 474049acd68a2fa21e8f34af7f91bfc6d25b3f82
  DivKit_LayoutKit: f1f71a6e3295517a61347cae4b532faee1760a76
  DivKit_LayoutKitInterface: c6d67b10a502907a87a764dc69c1307bf3d0e131
  DivKit_Serialization: 156987615cdf0bd3d1c69cfd20bda17a27716469
  DivKitBinaryCompatibilityFacade: 38b84cea43f82129388706b4c25f71519d42a18d
  Flutter: cabc95a1d2626b1b06e7179b784ebcf0c0cde467
  flutter_secure_storage_darwin: 557817588b80e60213cbecb573c45c76b788018d
  Google-Mobile-Ads-SDK: 14f57f2dc33532a24db288897e26494640810407
  google_mobile_ads: fe0e2c1764ad95323dd0e3081d0bb2d58411f957
  GoogleUserMessagingPlatform: befe603da6501006420c206222acd449bba45a9c
  in_app_purchase_storekit: 2342c0a5da86593124d08dd13d920f39a52b273a
  integration_test: 252f60fa39af5e17c3aa9899d35d908a0721b573
  passkeys_darwin: f4f6e544121eca3fe6c6ad2a4cdbde61b6c00dac
  ua_client_hints: aeabd123262c087f0ce151ef96fa3ab77bfc8b38
  VGSL: 797eb296646da08601f7a61a05ea674b163780ae
  VGSLFundamentals: 830b7f5faaaf3eb06c5c04d165a92256b3cad8bf
  VGSLNetworking: 5dd9b54a1a346fa4d654d362b683fb5b34ec494a
  VGSLUI: 54b9c75e740c939271f4917cbda154d39d94e155
  webview_flutter_wkwebview: 29eb20d43355b48fe7d07113835b9128f84e3af4
  yandex_mobileads: 1922c91df90d991e729a87b78b257f7e7f2f25a3
  YandexMobileAds: 09962403db0e809df440cf0641c43592fbdcef60

PODFILE CHECKSUM: ff9ad2ec3bf53af900abf7184fa166ce7710baca

COCOAPODS: 1.16.2
